// !$*UTF8*$!
{
	archiveVersion = 1;
	classes = {
	};
	objectVersion = 52;
	objects = {

/* Begin PBXBuildFile section */
		6924CFDF26D769D7004828AB /* DataFormats.swift in Sources */ = {isa = PBXBuildFile; fileRef = 6924CFDE26D769D7004828AB /* DataFormats.swift */; };
		6924CFE126D788DC004828AB /* DdipNotification.swift in Sources */ = {isa = PBXBuildFile; fileRef = 6924CFE026D788DC004828AB /* DdipNotification.swift */; };
		69A6ED6526D407B300C1A4D5 /* Annotation.swift in Sources */ = {isa = PBXBuildFile; fileRef = 69A6ED6426D407B300C1A4D5 /* Annotation.swift */; };
		69A6ED6726D407EA00C1A4D5 /* AnnotationView.swift in Sources */ = {isa = PBXBuildFile; fileRef = 69A6ED6626D407EA00C1A4D5 /* AnnotationView.swift */; };
		69A6ED6D26D409C000C1A4D5 /* PublicArt.geojson in Resources */ = {isa = PBXBuildFile; fileRef = 69A6ED6C26D409C000C1A4D5 /* PublicArt.geojson */; };
		70F4760A26D423DB00905070 /* SearchViewController.swift in Sources */ = {isa = PBXBuildFile; fileRef = 70F4760926D423DB00905070 /* SearchViewController.swift */; };
		70F4760D26D42DEA00905070 /* FloatingPanel in Frameworks */ = {isa = PBXBuildFile; productRef = 70F4760C26D42DEA00905070 /* FloatingPanel */; };
		70F4760F26D433E300905070 /* SearchViewPanelDelegate.swift in Sources */ = {isa = PBXBuildFile; fileRef = 70F4760E26D433E300905070 /* SearchViewPanelDelegate.swift */; };
		904C4B6726D3CDEE00FDC55D /* AppDelegate.swift in Sources */ = {isa = PBXBuildFile; fileRef = 904C4B6626D3CDEE00FDC55D /* AppDelegate.swift */; };
		904C4B6926D3CDEE00FDC55D /* SceneDelegate.swift in Sources */ = {isa = PBXBuildFile; fileRef = 904C4B6826D3CDEE00FDC55D /* SceneDelegate.swift */; };
		904C4B6B26D3CDEE00FDC55D /* MainViewController.swift in Sources */ = {isa = PBXBuildFile; fileRef = 904C4B6A26D3CDEE00FDC55D /* MainViewController.swift */; };
		904C4B6E26D3CDEE00FDC55D /* Main.storyboard in Resources */ = {isa = PBXBuildFile; fileRef = 904C4B6C26D3CDEE00FDC55D /* Main.storyboard */; };
		904C4B7026D3CDF000FDC55D /* Assets.xcassets in Resources */ = {isa = PBXBuildFile; fileRef = 904C4B6F26D3CDF000FDC55D /* Assets.xcassets */; };
		904C4B7326D3CDF000FDC55D /* LaunchScreen.storyboard in Resources */ = {isa = PBXBuildFile; fileRef = 904C4B7126D3CDF000FDC55D /* LaunchScreen.storyboard */; };
		904C4B7D26D3CF4A00FDC55D /* MapViewController.swift in Sources */ = {isa = PBXBuildFile; fileRef = 904C4B7C26D3CF4A00FDC55D /* MapViewController.swift */; };
		904C4B7F26D3D63F00FDC55D /* MainViewContainer.swift in Sources */ = {isa = PBXBuildFile; fileRef = 904C4B7E26D3D63F00FDC55D /* MainViewContainer.swift */; };
/* End PBXBuildFile section */

/* Begin PBXFileReference section */
		6924CFDE26D769D7004828AB /* DataFormats.swift */ = {isa = PBXFileReference; lastKnownFileType = sourcecode.swift; path = DataFormats.swift; sourceTree = "<group>"; };
		6924CFE026D788DC004828AB /* DdipNotification.swift */ = {isa = PBXFileReference; lastKnownFileType = sourcecode.swift; path = DdipNotification.swift; sourceTree = "<group>"; };
		69A6ED6426D407B300C1A4D5 /* Annotation.swift */ = {isa = PBXFileReference; lastKnownFileType = sourcecode.swift; name = Annotation.swift; path = ProjectDDIP/Model/Annotation.swift; sourceTree = SOURCE_ROOT; };
		69A6ED6626D407EA00C1A4D5 /* AnnotationView.swift */ = {isa = PBXFileReference; lastKnownFileType = sourcecode.swift; name = AnnotationView.swift; path = ProjectDDIP/Model/AnnotationView.swift; sourceTree = SOURCE_ROOT; };
		69A6ED6C26D409C000C1A4D5 /* PublicArt.geojson */ = {isa = PBXFileReference; fileEncoding = 4; lastKnownFileType = text; path = PublicArt.geojson; sourceTree = "<group>"; };
		70F4760926D423DB00905070 /* SearchViewController.swift */ = {isa = PBXFileReference; lastKnownFileType = sourcecode.swift; path = SearchViewController.swift; sourceTree = "<group>"; };
		70F4760E26D433E300905070 /* SearchViewPanelDelegate.swift */ = {isa = PBXFileReference; lastKnownFileType = sourcecode.swift; path = SearchViewPanelDelegate.swift; sourceTree = "<group>"; };
		904C4B6326D3CDEE00FDC55D /* ProjectDDIP.app */ = {isa = PBXFileReference; explicitFileType = wrapper.application; includeInIndex = 0; path = ProjectDDIP.app; sourceTree = BUILT_PRODUCTS_DIR; };
		904C4B6626D3CDEE00FDC55D /* AppDelegate.swift */ = {isa = PBXFileReference; lastKnownFileType = sourcecode.swift; path = AppDelegate.swift; sourceTree = "<group>"; };
		904C4B6826D3CDEE00FDC55D /* SceneDelegate.swift */ = {isa = PBXFileReference; lastKnownFileType = sourcecode.swift; path = SceneDelegate.swift; sourceTree = "<group>"; };
		904C4B6A26D3CDEE00FDC55D /* MainViewController.swift */ = {isa = PBXFileReference; lastKnownFileType = sourcecode.swift; path = MainViewController.swift; sourceTree = "<group>"; };
		904C4B6D26D3CDEE00FDC55D /* Base */ = {isa = PBXFileReference; lastKnownFileType = file.storyboard; name = Base; path = Base.lproj/Main.storyboard; sourceTree = "<group>"; };
		904C4B6F26D3CDF000FDC55D /* Assets.xcassets */ = {isa = PBXFileReference; lastKnownFileType = folder.assetcatalog; path = Assets.xcassets; sourceTree = "<group>"; };
		904C4B7226D3CDF000FDC55D /* Base */ = {isa = PBXFileReference; lastKnownFileType = file.storyboard; name = Base; path = Base.lproj/LaunchScreen.storyboard; sourceTree = "<group>"; };
		904C4B7426D3CDF000FDC55D /* Info.plist */ = {isa = PBXFileReference; lastKnownFileType = text.plist.xml; path = Info.plist; sourceTree = "<group>"; };
		904C4B7C26D3CF4A00FDC55D /* MapViewController.swift */ = {isa = PBXFileReference; lastKnownFileType = sourcecode.swift; path = MapViewController.swift; sourceTree = "<group>"; };
		904C4B7E26D3D63F00FDC55D /* MainViewContainer.swift */ = {isa = PBXFileReference; lastKnownFileType = sourcecode.swift; path = MainViewContainer.swift; sourceTree = "<group>"; };
/* End PBXFileReference section */

/* Begin PBXFrameworksBuildPhase section */
		904C4B6026D3CDEE00FDC55D /* Frameworks */ = {
			isa = PBXFrameworksBuildPhase;
			buildActionMask = 2147483647;
			files = (
				70F4760D26D42DEA00905070 /* FloatingPanel in Frameworks */,
			);
			runOnlyForDeploymentPostprocessing = 0;
		};
/* End PBXFrameworksBuildPhase section */

/* Begin PBXGroup section */
		69A6ED6926D4098200C1A4D5 /* Resources */ = {
			isa = PBXGroup;
			children = (
				69A6ED6C26D409C000C1A4D5 /* PublicArt.geojson */,
			);
			path = Resources;
			sourceTree = "<group>";
		};
		69A6ED6E26D409F900C1A4D5 /* Model */ = {
			isa = PBXGroup;
			children = (
				69A6ED6426D407B300C1A4D5 /* Annotation.swift */,
				69A6ED6626D407EA00C1A4D5 /* AnnotationView.swift */,
				6924CFDE26D769D7004828AB /* DataFormats.swift */,
				6924CFE026D788DC004828AB /* DdipNotification.swift */,
			);
			path = Model;
			sourceTree = "<group>";
		};
		904C4B5A26D3CDED00FDC55D = {
			isa = PBXGroup;
			children = (
				904C4B6526D3CDEE00FDC55D /* ProjectDDIP */,
				904C4B6426D3CDEE00FDC55D /* Products */,
			);
			sourceTree = "<group>";
		};
		904C4B6426D3CDEE00FDC55D /* Products */ = {
			isa = PBXGroup;
			children = (
				904C4B6326D3CDEE00FDC55D /* ProjectDDIP.app */,
			);
			name = Products;
			sourceTree = "<group>";
		};
		904C4B6526D3CDEE00FDC55D /* ProjectDDIP */ = {
			isa = PBXGroup;
			children = (
				69A6ED6E26D409F900C1A4D5 /* Model */,
				69A6ED6926D4098200C1A4D5 /* Resources */,
				904C4B7A26D3CDF800FDC55D /* View */,
				904C4B8026D3D64700FDC55D /* ViewModel */,
				904C4B7B26D3CE0100FDC55D /* Controller */,
				904C4B6F26D3CDF000FDC55D /* Assets.xcassets */,
				904C4B7426D3CDF000FDC55D /* Info.plist */,
				904C4B6626D3CDEE00FDC55D /* AppDelegate.swift */,
				904C4B6826D3CDEE00FDC55D /* SceneDelegate.swift */,
				904C4B7126D3CDF000FDC55D /* LaunchScreen.storyboard */,
			);
			path = ProjectDDIP;
			sourceTree = "<group>";
		};
		904C4B7A26D3CDF800FDC55D /* View */ = {
			isa = PBXGroup;
			children = (
				904C4B6C26D3CDEE00FDC55D /* Main.storyboard */,
			);
			path = View;
			sourceTree = "<group>";
		};
		904C4B7B26D3CE0100FDC55D /* Controller */ = {
			isa = PBXGroup;
			children = (
				904C4B6A26D3CDEE00FDC55D /* MainViewController.swift */,
				904C4B7C26D3CF4A00FDC55D /* MapViewController.swift */,
				70F4760926D423DB00905070 /* SearchViewController.swift */,
				70F4760E26D433E300905070 /* SearchViewPanelDelegate.swift */,
			);
			path = Controller;
			sourceTree = "<group>";
		};
		904C4B8026D3D64700FDC55D /* ViewModel */ = {
			isa = PBXGroup;
			children = (
				904C4B7E26D3D63F00FDC55D /* MainViewContainer.swift */,
			);
			path = ViewModel;
			sourceTree = "<group>";
		};
/* End PBXGroup section */

/* Begin PBXNativeTarget section */
		904C4B6226D3CDEE00FDC55D /* ProjectDDIP */ = {
			isa = PBXNativeTarget;
			buildConfigurationList = 904C4B7726D3CDF000FDC55D /* Build configuration list for PBXNativeTarget "ProjectDDIP" */;
			buildPhases = (
				904C4B5F26D3CDEE00FDC55D /* Sources */,
				904C4B6026D3CDEE00FDC55D /* Frameworks */,
				904C4B6126D3CDEE00FDC55D /* Resources */,
			);
			buildRules = (
			);
			dependencies = (
			);
			name = ProjectDDIP;
			packageProductDependencies = (
				70F4760C26D42DEA00905070 /* FloatingPanel */,
			);
			productName = ProjectDDIP;
			productReference = 904C4B6326D3CDEE00FDC55D /* ProjectDDIP.app */;
			productType = "com.apple.product-type.application";
		};
/* End PBXNativeTarget section */

/* Begin PBXProject section */
		904C4B5B26D3CDED00FDC55D /* Project object */ = {
			isa = PBXProject;
			attributes = {
				LastSwiftUpdateCheck = 1250;
				LastUpgradeCheck = 1250;
				TargetAttributes = {
					904C4B6226D3CDEE00FDC55D = {
						CreatedOnToolsVersion = 12.5.1;
					};
				};
			};
			buildConfigurationList = 904C4B5E26D3CDED00FDC55D /* Build configuration list for PBXProject "ProjectDDIP" */;
			compatibilityVersion = "Xcode 9.3";
			developmentRegion = en;
			hasScannedForEncodings = 0;
			knownRegions = (
				en,
				Base,
			);
			mainGroup = 904C4B5A26D3CDED00FDC55D;
			packageReferences = (
				70F4760B26D42DEA00905070 /* XCRemoteSwiftPackageReference "FloatingPanel" */,
			);
			productRefGroup = 904C4B6426D3CDEE00FDC55D /* Products */;
			projectDirPath = "";
			projectRoot = "";
			targets = (
				904C4B6226D3CDEE00FDC55D /* ProjectDDIP */,
			);
		};
/* End PBXProject section */

/* Begin PBXResourcesBuildPhase section */
		904C4B6126D3CDEE00FDC55D /* Resources */ = {
			isa = PBXResourcesBuildPhase;
			buildActionMask = 2147483647;
			files = (
				904C4B7326D3CDF000FDC55D /* LaunchScreen.storyboard in Resources */,
				904C4B7026D3CDF000FDC55D /* Assets.xcassets in Resources */,
				904C4B6E26D3CDEE00FDC55D /* Main.storyboard in Resources */,
				69A6ED6D26D409C000C1A4D5 /* PublicArt.geojson in Resources */,
			);
			runOnlyForDeploymentPostprocessing = 0;
		};
/* End PBXResourcesBuildPhase section */

/* Begin PBXSourcesBuildPhase section */
		904C4B5F26D3CDEE00FDC55D /* Sources */ = {
			isa = PBXSourcesBuildPhase;
			buildActionMask = 2147483647;
			files = (
				904C4B6B26D3CDEE00FDC55D /* MainViewController.swift in Sources */,
				6924CFE126D788DC004828AB /* DdipNotification.swift in Sources */,
				904C4B7F26D3D63F00FDC55D /* MainViewContainer.swift in Sources */,
				70F4760F26D433E300905070 /* SearchViewPanelDelegate.swift in Sources */,
				70F4760A26D423DB00905070 /* SearchViewController.swift in Sources */,
				904C4B6726D3CDEE00FDC55D /* AppDelegate.swift in Sources */,
				6924CFDF26D769D7004828AB /* DataFormats.swift in Sources */,
				69A6ED6726D407EA00C1A4D5 /* AnnotationView.swift in Sources */,
				904C4B6926D3CDEE00FDC55D /* SceneDelegate.swift in Sources */,
				69A6ED6526D407B300C1A4D5 /* Annotation.swift in Sources */,
				904C4B7D26D3CF4A00FDC55D /* MapViewController.swift in Sources */,
			);
			runOnlyForDeploymentPostprocessing = 0;
		};
/* End PBXSourcesBuildPhase section */

/* Begin PBXVariantGroup section */
		904C4B6C26D3CDEE00FDC55D /* Main.storyboard */ = {
			isa = PBXVariantGroup;
			children = (
				904C4B6D26D3CDEE00FDC55D /* Base */,
			);
			name = Main.storyboard;
			sourceTree = "<group>";
		};
		904C4B7126D3CDF000FDC55D /* LaunchScreen.storyboard */ = {
			isa = PBXVariantGroup;
			children = (
				904C4B7226D3CDF000FDC55D /* Base */,
			);
			name = LaunchScreen.storyboard;
			sourceTree = "<group>";
		};
/* End PBXVariantGroup section */

/* Begin XCBuildConfiguration section */
		904C4B7526D3CDF000FDC55D /* Debug */ = {
			isa = XCBuildConfiguration;
			buildSettings = {
				ALWAYS_SEARCH_USER_PATHS = NO;
				CLANG_ANALYZER_NONNULL = YES;
				CLANG_ANALYZER_NUMBER_OBJECT_CONVERSION = YES_AGGRESSIVE;
				CLANG_CXX_LANGUAGE_STANDARD = "gnu++14";
				CLANG_CXX_LIBRARY = "libc++";
				CLANG_ENABLE_MODULES = YES;
				CLANG_ENABLE_OBJC_ARC = YES;
				CLANG_ENABLE_OBJC_WEAK = YES;
				CLANG_WARN_BLOCK_CAPTURE_AUTORELEASING = YES;
				CLANG_WARN_BOOL_CONVERSION = YES;
				CLANG_WARN_COMMA = YES;
				CLANG_WARN_CONSTANT_CONVERSION = YES;
				CLANG_WARN_DEPRECATED_OBJC_IMPLEMENTATIONS = YES;
				CLANG_WARN_DIRECT_OBJC_ISA_USAGE = YES_ERROR;
				CLANG_WARN_DOCUMENTATION_COMMENTS = YES;
				CLANG_WARN_EMPTY_BODY = YES;
				CLANG_WARN_ENUM_CONVERSION = YES;
				CLANG_WARN_INFINITE_RECURSION = YES;
				CLANG_WARN_INT_CONVERSION = YES;
				CLANG_WARN_NON_LITERAL_NULL_CONVERSION = YES;
				CLANG_WARN_OBJC_IMPLICIT_RETAIN_SELF = YES;
				CLANG_WARN_OBJC_LITERAL_CONVERSION = YES;
				CLANG_WARN_OBJC_ROOT_CLASS = YES_ERROR;
				CLANG_WARN_QUOTED_INCLUDE_IN_FRAMEWORK_HEADER = YES;
				CLANG_WARN_RANGE_LOOP_ANALYSIS = YES;
				CLANG_WARN_STRICT_PROTOTYPES = YES;
				CLANG_WARN_SUSPICIOUS_MOVE = YES;
				CLANG_WARN_UNGUARDED_AVAILABILITY = YES_AGGRESSIVE;
				CLANG_WARN_UNREACHABLE_CODE = YES;
				CLANG_WARN__DUPLICATE_METHOD_MATCH = YES;
				COPY_PHASE_STRIP = NO;
				DEBUG_INFORMATION_FORMAT = dwarf;
				ENABLE_STRICT_OBJC_MSGSEND = YES;
				ENABLE_TESTABILITY = YES;
				GCC_C_LANGUAGE_STANDARD = gnu11;
				GCC_DYNAMIC_NO_PIC = NO;
				GCC_NO_COMMON_BLOCKS = YES;
				GCC_OPTIMIZATION_LEVEL = 0;
				GCC_PREPROCESSOR_DEFINITIONS = (
					"DEBUG=1",
					"$(inherited)",
				);
				GCC_WARN_64_TO_32_BIT_CONVERSION = YES;
				GCC_WARN_ABOUT_RETURN_TYPE = YES_ERROR;
				GCC_WARN_UNDECLARED_SELECTOR = YES;
				GCC_WARN_UNINITIALIZED_AUTOS = YES_AGGRESSIVE;
				GCC_WARN_UNUSED_FUNCTION = YES;
				GCC_WARN_UNUSED_VARIABLE = YES;
				IPHONEOS_DEPLOYMENT_TARGET = 14.5;
				MTL_ENABLE_DEBUG_INFO = INCLUDE_SOURCE;
				MTL_FAST_MATH = YES;
				ONLY_ACTIVE_ARCH = YES;
				SDKROOT = iphoneos;
				SWIFT_ACTIVE_COMPILATION_CONDITIONS = DEBUG;
				SWIFT_OPTIMIZATION_LEVEL = "-Onone";
			};
			name = Debug;
		};
		904C4B7626D3CDF000FDC55D /* Release */ = {
			isa = XCBuildConfiguration;
			buildSettings = {
				ALWAYS_SEARCH_USER_PATHS = NO;
				CLANG_ANALYZER_NONNULL = YES;
				CLANG_ANALYZER_NUMBER_OBJECT_CONVERSION = YES_AGGRESSIVE;
				CLANG_CXX_LANGUAGE_STANDARD = "gnu++14";
				CLANG_CXX_LIBRARY = "libc++";
				CLANG_ENABLE_MODULES = YES;
				CLANG_ENABLE_OBJC_ARC = YES;
				CLANG_ENABLE_OBJC_WEAK = YES;
				CLANG_WARN_BLOCK_CAPTURE_AUTORELEASING = YES;
				CLANG_WARN_BOOL_CONVERSION = YES;
				CLANG_WARN_COMMA = YES;
				CLANG_WARN_CONSTANT_CONVERSION = YES;
				CLANG_WARN_DEPRECATED_OBJC_IMPLEMENTATIONS = YES;
				CLANG_WARN_DIRECT_OBJC_ISA_USAGE = YES_ERROR;
				CLANG_WARN_DOCUMENTATION_COMMENTS = YES;
				CLANG_WARN_EMPTY_BODY = YES;
				CLANG_WARN_ENUM_CONVERSION = YES;
				CLANG_WARN_INFINITE_RECURSION = YES;
				CLANG_WARN_INT_CONVERSION = YES;
				CLANG_WARN_NON_LITERAL_NULL_CONVERSION = YES;
				CLANG_WARN_OBJC_IMPLICIT_RETAIN_SELF = YES;
				CLANG_WARN_OBJC_LITERAL_CONVERSION = YES;
				CLANG_WARN_OBJC_ROOT_CLASS = YES_ERROR;
				CLANG_WARN_QUOTED_INCLUDE_IN_FRAMEWORK_HEADER = YES;
				CLANG_WARN_RANGE_LOOP_ANALYSIS = YES;
				CLANG_WARN_STRICT_PROTOTYPES = YES;
				CLANG_WARN_SUSPICIOUS_MOVE = YES;
				CLANG_WARN_UNGUARDED_AVAILABILITY = YES_AGGRESSIVE;
				CLANG_WARN_UNREACHABLE_CODE = YES;
				CLANG_WARN__DUPLICATE_METHOD_MATCH = YES;
				COPY_PHASE_STRIP = NO;
				DEBUG_INFORMATION_FORMAT = "dwarf-with-dsym";
				ENABLE_NS_ASSERTIONS = NO;
				ENABLE_STRICT_OBJC_MSGSEND = YES;
				GCC_C_LANGUAGE_STANDARD = gnu11;
				GCC_NO_COMMON_BLOCKS = YES;
				GCC_WARN_64_TO_32_BIT_CONVERSION = YES;
				GCC_WARN_ABOUT_RETURN_TYPE = YES_ERROR;
				GCC_WARN_UNDECLARED_SELECTOR = YES;
				GCC_WARN_UNINITIALIZED_AUTOS = YES_AGGRESSIVE;
				GCC_WARN_UNUSED_FUNCTION = YES;
				GCC_WARN_UNUSED_VARIABLE = YES;
				IPHONEOS_DEPLOYMENT_TARGET = 14.5;
				MTL_ENABLE_DEBUG_INFO = NO;
				MTL_FAST_MATH = YES;
				SDKROOT = iphoneos;
				SWIFT_COMPILATION_MODE = wholemodule;
				SWIFT_OPTIMIZATION_LEVEL = "-O";
				VALIDATE_PRODUCT = YES;
			};
			name = Release;
		};
		904C4B7826D3CDF000FDC55D /* Debug */ = {
			isa = XCBuildConfiguration;
			buildSettings = {
				ASSETCATALOG_COMPILER_APPICON_NAME = AppIcon;
				ASSETCATALOG_COMPILER_GLOBAL_ACCENT_COLOR_NAME = AccentColor;
				CODE_SIGN_STYLE = Automatic;
				INFOPLIST_FILE = ProjectDDIP/Info.plist;
				LD_RUNPATH_SEARCH_PATHS = (
					"$(inherited)",
					"@executable_path/Frameworks",
				);
				PRODUCT_BUNDLE_IDENTIFIER = com.angelayu.ProjectDDIP;
				PRODUCT_NAME = "$(TARGET_NAME)";
				SWIFT_VERSION = 5.0;
				TARGETED_DEVICE_FAMILY = "1,2";
			};
			name = Debug;
		};
		904C4B7926D3CDF000FDC55D /* Release */ = {
			isa = XCBuildConfiguration;
			buildSettings = {
				ASSETCATALOG_COMPILER_APPICON_NAME = AppIcon;
				ASSETCATALOG_COMPILER_GLOBAL_ACCENT_COLOR_NAME = AccentColor;
				CODE_SIGN_STYLE = Automatic;
				INFOPLIST_FILE = ProjectDDIP/Info.plist;
				LD_RUNPATH_SEARCH_PATHS = (
					"$(inherited)",
					"@executable_path/Frameworks",
				);
				PRODUCT_BUNDLE_IDENTIFIER = com.angelayu.ProjectDDIP;
				PRODUCT_NAME = "$(TARGET_NAME)";
				SWIFT_VERSION = 5.0;
				TARGETED_DEVICE_FAMILY = "1,2";
			};
			name = Release;
		};
/* End XCBuildConfiguration section */

/* Begin XCConfigurationList section */
		904C4B5E26D3CDED00FDC55D /* Build configuration list for PBXProject "ProjectDDIP" */ = {
			isa = XCConfigurationList;
			buildConfigurations = (
				904C4B7526D3CDF000FDC55D /* Debug */,
				904C4B7626D3CDF000FDC55D /* Release */,
			);
			defaultConfigurationIsVisible = 0;
			defaultConfigurationName = Release;
		};
		904C4B7726D3CDF000FDC55D /* Build configuration list for PBXNativeTarget "ProjectDDIP" */ = {
			isa = XCConfigurationList;
			buildConfigurations = (
				904C4B7826D3CDF000FDC55D /* Debug */,
				904C4B7926D3CDF000FDC55D /* Release */,
			);
			defaultConfigurationIsVisible = 0;
			defaultConfigurationName = Release;
		};
/* End XCConfigurationList section */

/* Begin XCRemoteSwiftPackageReference section */
		70F4760B26D42DEA00905070 /* XCRemoteSwiftPackageReference "FloatingPanel" */ = {
			isa = XCRemoteSwiftPackageReference;
			repositoryURL = "https://github.com/scenee/FloatingPanel";
			requirement = {
				kind = upToNextMajorVersion;
				minimumVersion = 2.4.0;
			};
		};
/* End XCRemoteSwiftPackageReference section */

/* Begin XCSwiftPackageProductDependency section */
		70F4760C26D42DEA00905070 /* FloatingPanel */ = {
			isa = XCSwiftPackageProductDependency;
			package = 70F4760B26D42DEA00905070 /* XCRemoteSwiftPackageReference "FloatingPanel" */;
			productName = FloatingPanel;
		};
/* End XCSwiftPackageProductDependency section */
	};
	rootObject = 904C4B5B26D3CDED00FDC55D /* Project object */;
}
