{
  "object": {
    "pins": [
      {
        "package": "SlideOverCard",
        "repositoryURL": "https://github.com/rkskekzzz/swiftUI-slide-over-card.git",
        "state": {
          "branch": null,
          "revision": "aeb222b8b720a755bb29aa64c1cb7a5d49009449",
          "version": null
        }
      }
    ]
  },
  "version": 1
}
