{
  "object": {
    "pins": [
      {
        "package": "SlideOverCard",
        "repositoryURL": "https://github.com/rkskekzzz/swiftUI-slide-over-card.git",
        "state": {
          "branch": null,
          "revision": "29e380cdf638c3001634782207e735087319c2a6",
          "version": null
        }
      }
    ]
  },
  "version": 1
}
