{
  "object": {
    "pins": [
      {
        "package": "Alamofire",
        "repositoryURL": "https://github.com/Alamofire/Alamofire.git",
        "state": {
          "branch": null,
          "revision": "d120af1e8638c7da36c8481fd61a66c0c08dc4fc",
          "version": "5.4.4"
        }
      },
      {
        "package": "FloatingPanel",
        "repositoryURL": "https://github.com/scenee/FloatingPanel",
        "state": {
          "branch": null,
          "revision": "29beea0ff9b8744da4ba618907f48c0439995d00",
          "version": "2.5.0"
        }
      },
      {
        "package": "SlideOverCard",
        "repositoryURL": "https://github.com/rkskekzzz/swiftUI-slide-over-card.git",
        "state": {
          "branch": null,
          "revision": "29e380cdf638c3001634782207e735087319c2a6",
          "version": null
        }
      }
    ]
  },
  "version": 1
}
